
Microsoft Visual Studio Solution File, Format Version 12.00
# Visual Studio Version 17
VisualStudioVersion = 17.12.35521.163
MinimumVisualStudioVersion = 10.0.40219.1
Project("{FAE04EC0-301F-11D3-BF4B-00C04F79EFBC}") = "GymApp.UI", "GYMMTZ\GymApp.UI.csproj", "{028237F6-768D-4729-9C07-AEBEA95A5D87}"
EndProject
Project("{FAE04EC0-301F-11D3-BF4B-00C04F79EFBC}") = "GymApp.Entities", "GymApp.Entities\GymApp.Entities.csproj", "{F55AEAB4-9FE7-489D-9877-3087293C6365}"
EndProject
Project("{FAE04EC0-301F-11D3-BF4B-00C04F79EFBC}") = "GymApp.BLL", "GymApp.BLL\GymApp.BLL.csproj", "{8FF75A31-0904-4468-A495-B884639079AD}"
EndProject
Project("{FAE04EC0-301F-11D3-BF4B-00C04F79EFBC}") = "GymApp.Core", "GymApp.Utils\GymApp.Core.csproj", "{305CFC00-BE1E-44F9-9B54-865855D12521}"
EndProject
Project("{FAE04EC0-301F-11D3-BF4B-00C04F79EFBC}") = "GymApp.DAO", "GymApp.DAO\GymApp.DAO.csproj", "{81F0CC4C-D198-A8EA-476C-DBFCA3C5B49D}"
EndProject
Global
	GlobalSection(SolutionConfigurationPlatforms) = preSolution
		Debug|Any CPU = Debug|Any CPU
		Release|Any CPU = Release|Any CPU
	EndGlobalSection
	GlobalSection(ProjectConfigurationPlatforms) = postSolution
		{028237F6-768D-4729-9C07-AEBEA95A5D87}.Debug|Any CPU.ActiveCfg = Debug|Any CPU
		{028237F6-768D-4729-9C07-AEBEA95A5D87}.Debug|Any CPU.Build.0 = Debug|Any CPU
		{028237F6-768D-4729-9C07-AEBEA95A5D87}.Release|Any CPU.ActiveCfg = Release|Any CPU
		{028237F6-768D-4729-9C07-AEBEA95A5D87}.Release|Any CPU.Build.0 = Release|Any CPU
		{F55AEAB4-9FE7-489D-9877-3087293C6365}.Debug|Any CPU.ActiveCfg = Debug|Any CPU
		{F55AEAB4-9FE7-489D-9877-3087293C6365}.Debug|Any CPU.Build.0 = Debug|Any CPU
		{F55AEAB4-9FE7-489D-9877-3087293C6365}.Release|Any CPU.ActiveCfg = Release|Any CPU
		{F55AEAB4-9FE7-489D-9877-3087293C6365}.Release|Any CPU.Build.0 = Release|Any CPU
		{8FF75A31-0904-4468-A495-B884639079AD}.Debug|Any CPU.ActiveCfg = Debug|Any CPU
		{8FF75A31-0904-4468-A495-B884639079AD}.Debug|Any CPU.Build.0 = Debug|Any CPU
		{8FF75A31-0904-4468-A495-B884639079AD}.Release|Any CPU.ActiveCfg = Release|Any CPU
		{8FF75A31-0904-4468-A495-B884639079AD}.Release|Any CPU.Build.0 = Release|Any CPU
		{305CFC00-BE1E-44F9-9B54-865855D12521}.Debug|Any CPU.ActiveCfg = Debug|Any CPU
		{305CFC00-BE1E-44F9-9B54-865855D12521}.Debug|Any CPU.Build.0 = Debug|Any CPU
		{305CFC00-BE1E-44F9-9B54-865855D12521}.Release|Any CPU.ActiveCfg = Release|Any CPU
		{305CFC00-BE1E-44F9-9B54-865855D12521}.Release|Any CPU.Build.0 = Release|Any CPU
		{81F0CC4C-D198-A8EA-476C-DBFCA3C5B49D}.Debug|Any CPU.ActiveCfg = Debug|Any CPU
		{81F0CC4C-D198-A8EA-476C-DBFCA3C5B49D}.Debug|Any CPU.Build.0 = Debug|Any CPU
		{81F0CC4C-D198-A8EA-476C-DBFCA3C5B49D}.Release|Any CPU.ActiveCfg = Release|Any CPU
		{81F0CC4C-D198-A8EA-476C-DBFCA3C5B49D}.Release|Any CPU.Build.0 = Release|Any CPU
	EndGlobalSection
	GlobalSection(SolutionProperties) = preSolution
		HideSolutionNode = FALSE
	EndGlobalSection
	GlobalSection(ExtensibilityGlobals) = postSolution
		SolutionGuid = {C635A551-D073-4C41-88F1-05CE81649DEA}
	EndGlobalSection
EndGlobal
